{
  "name": "markov",
  "version": "1.0.0",
  "lockfileVersion": 1,
  "requires": true,
  "dependencies": {
    "arrayiffy-if-string": {
      "version": "3.4.1",
      "resolved": "https://registry.npmjs.org/arrayiffy-if-string/-/arrayiffy-if-string-3.4.1.tgz",
      "integrity": "sha512-U1uIaGKnQQHfK2f65sjDV5ZpZOARW4cgxpChVhIBOLNHVwA7W6ZIUMnxQsUUeO9Gru0LDT8qsMnQY7sYj58OdA=="
    },
    "ast-monkey-traverse": {
      "version": "1.4.1",
      "resolved": "https://registry.npmjs.org/ast-monkey-traverse/-/ast-monkey-traverse-1.4.1.tgz",
      "integrity": "sha512-dGhthhN6us4/7Ahuh2UZ1lU3H+RGhurSkIao7kw5Ze6YAIgVrGg8LxSCSN01tjLJOJF6QnACCCauoCkleDGypg==",
      "requires": {
        "lodash.clonedeep": "*",
        "lodash.isplainobject": "*"
      }
    },
    "axios": {
      "version": "0.18.0",
      "resolved": "http://registry.npmjs.org/axios/-/axios-0.18.0.tgz",
      "integrity": "sha1-MtU+SFHv3AoRmTts0AB4nXDAUQI=",
      "requires": {
        "follow-redirects": "^1.3.0",
        "is-buffer": "^1.1.5"
      }
    },
    "check-types-mini": {
      "version": "4.1.1",
      "resolved": "https://registry.npmjs.org/check-types-mini/-/check-types-mini-4.1.1.tgz",
      "integrity": "sha512-K65uxf61uDLB9rUEELUnl1RsCT/oUFjGnqKsVNlF/G2rH3oOaGqE8+AD7nb0m/QUV01xEuGIOnIWxZdLxuZBeA==",
      "requires": {
        "arrayiffy-if-string": "*",
        "ast-monkey-traverse": "^1.3.3",
        "lodash.intersection": "*",
        "lodash.pullall": "*",
        "matcher": "^1.1.1",
        "object-path": "^0.11.4",
        "ordinal": "^1.0.2",
        "type-detect": "^4.0.8"
      }
    },
    "debug": {
      "version": "3.1.0",
      "resolved": "https://registry.npmjs.org/debug/-/debug-3.1.0.tgz",
      "integrity": "sha512-OX8XqP7/1a9cqkxYw2yXss15f26NKWBpDXQd0/uK/KPqdQhxbPa994hnzjcE2VqQpDslf55723cKPUOGSmMY3g==",
      "requires": {
        "ms": "2.0.0"
      }
    },
    "ent": {
      "version": "2.2.0",
      "resolved": "https://registry.npmjs.org/ent/-/ent-2.2.0.tgz",
      "integrity": "sha1-6WQhkyWiHQX0RGai9obtbOX13R0="
    },
    "escape-string-regexp": {
      "version": "1.0.5",
      "resolved": "https://registry.npmjs.org/escape-string-regexp/-/escape-string-regexp-1.0.5.tgz",
      "integrity": "sha1-G2HAViGQqN/2rjuyzwIAyhMLhtQ="
    },
    "follow-redirects": {
      "version": "1.5.9",
      "resolved": "https://registry.npmjs.org/follow-redirects/-/follow-redirects-1.5.9.tgz",
      "integrity": "sha512-Bh65EZI/RU8nx0wbYF9shkFZlqLP+6WT/5FnA3cE/djNSuKNHJEinGGZgu/cQEkeeb2GdFOgenAmn8qaqYke2w==",
      "requires": {
        "debug": "=3.1.0"
      }
    },
    "is-buffer": {
      "version": "1.1.6",
      "resolved": "https://registry.npmjs.org/is-buffer/-/is-buffer-1.1.6.tgz",
      "integrity": "sha512-NcdALwpXkTm5Zvvbk7owOUSvVvBKDgKP5/ewfXEznmQFfs4ZRmanOeKBTjRVjka3QFoN6XJ+9F3USqfHqTaU5w=="
    },
    "is-natural-number": {
      "version": "4.0.1",
      "resolved": "https://registry.npmjs.org/is-natural-number/-/is-natural-number-4.0.1.tgz",
      "integrity": "sha1-q5124dtM7VHjXeDHLr7PCfc0zeg="
    },
    "is-natural-number-string": {
      "version": "1.0.1",
      "resolved": "https://registry.npmjs.org/is-natural-number-string/-/is-natural-number-string-1.0.1.tgz",
      "integrity": "sha1-0OvxwBH64tOwc02MgBFuJRKkoug="
    },
    "lodash.clonedeep": {
      "version": "4.5.0",
      "resolved": "https://registry.npmjs.org/lodash.clonedeep/-/lodash.clonedeep-4.5.0.tgz",
      "integrity": "sha1-4j8/nE+Pvd6HJSnBBxhXoIblzO8="
    },
    "lodash.intersection": {
      "version": "4.4.0",
      "resolved": "https://registry.npmjs.org/lodash.intersection/-/lodash.intersection-4.4.0.tgz",
      "integrity": "sha1-ChG6Yx0OlcI8fy9Mu5ppLtF45wU="
    },
    "lodash.isplainobject": {
      "version": "4.0.6",
      "resolved": "https://registry.npmjs.org/lodash.isplainobject/-/lodash.isplainobject-4.0.6.tgz",
      "integrity": "sha1-fFJqUtibRcRcxpC4gWO+BJf1UMs="
    },
    "lodash.pullall": {
      "version": "4.2.0",
      "resolved": "https://registry.npmjs.org/lodash.pullall/-/lodash.pullall-4.2.0.tgz",
      "integrity": "sha1-nZi4UYt8llsPrkCZvZ+334u/OLo="
    },
    "lodash.trim": {
      "version": "4.5.1",
      "resolved": "https://registry.npmjs.org/lodash.trim/-/lodash.trim-4.5.1.tgz",
      "integrity": "sha1-NkJefukL5KpeJ7zruFt9EepHqlc="
    },
    "lodash.without": {
      "version": "4.4.0",
      "resolved": "https://registry.npmjs.org/lodash.without/-/lodash.without-4.4.0.tgz",
      "integrity": "sha1-PNRXSgC2e643OpS3SHcmQFB7eqw="
    },
    "matcher": {
      "version": "1.1.1",
      "resolved": "https://registry.npmjs.org/matcher/-/matcher-1.1.1.tgz",
      "integrity": "sha512-+BmqxWIubKTRKNWx/ahnCkk3mG8m7OturVlqq6HiojGJTd5hVYbgZm6WzcYPCoB+KBT4Vd6R7WSRG2OADNaCjg==",
      "requires": {
        "escape-string-regexp": "^1.0.4"
      }
    },
    "ms": {
      "version": "2.0.0",
      "resolved": "https://registry.npmjs.org/ms/-/ms-2.0.0.tgz",
      "integrity": "sha1-VgiurfwAvmwpAd9fmGF4jeDVl8g="
    },
    "object-path": {
      "version": "0.11.4",
      "resolved": "https://registry.npmjs.org/object-path/-/object-path-0.11.4.tgz",
      "integrity": "sha1-NwrnUvvzfePqcKhhwju6iRVpGUk="
    },
    "ordinal": {
      "version": "1.0.2",
      "resolved": "https://registry.npmjs.org/ordinal/-/ordinal-1.0.2.tgz",
      "integrity": "sha1-ofS8S6Vr+Rv54xM1uenKRW7Zyng="
    },
    "ordinal-number-suffix": {
      "version": "0.1.2",
      "resolved": "https://registry.npmjs.org/ordinal-number-suffix/-/ordinal-number-suffix-0.1.2.tgz",
      "integrity": "sha512-Pe8iFV6R5GYxATa6FqPWr904CuD6El2o1pAja5fnEKJgofKgx5iFjImhWzND2naTtBGMyJTcIh3+FpuyFKGqiw=="
    },
    "ranges-apply": {
      "version": "2.6.0",
      "resolved": "https://registry.npmjs.org/ranges-apply/-/ranges-apply-2.6.0.tgz",
      "integrity": "sha512-qToxbVQ7luuiNfv458AtXs6F3z3Vpm47vxOGw3qXZhwfHX/6YXnBYnKHYM9RH+Txh6dtDC5v3cDsACV7CW8NUQ==",
      "requires": {
        "is-natural-number": "*",
        "is-natural-number-string": "*",
        "ordinal-number-suffix": "^0.1.2",
        "ranges-merge": "^3.5.0"
      }
    },
    "ranges-merge": {
      "version": "3.5.0",
      "resolved": "https://registry.npmjs.org/ranges-merge/-/ranges-merge-3.5.0.tgz",
      "integrity": "sha512-08ruAXbrR/OyEbBWxPnktzBMif/+lvpUBHfkOQp1vx69SypAk1PGK+NBXzkW/7ZDHaaYCmKPidKjVg37YJoFPw==",
      "requires": {
        "lodash.clonedeep": "^4.5.0",
        "ranges-sort": "^3.3.2"
      }
    },
    "ranges-push": {
      "version": "2.11.3",
      "resolved": "https://registry.npmjs.org/ranges-push/-/ranges-push-2.11.3.tgz",
      "integrity": "sha512-0oL16cbVmbWFRtU7BBy13PJKYZcRI1ur0vbKZuRmJQ/9boFKSZrx+76QZP69oSEd1DuaA+pBdgWtgHBKrZwReQ==",
      "requires": {
        "check-types-mini": "^5.1.1",
        "is-natural-number": "*",
        "is-natural-number-string": "*",
        "ordinal-number-suffix": "^0.1.2",
        "ranges-merge": "^3.5.0",
        "string-collapse-leading-whitespace": "^1.4.0"
      },
      "dependencies": {
        "check-types-mini": {
          "version": "5.1.1",
          "resolved": "https://registry.npmjs.org/check-types-mini/-/check-types-mini-5.1.1.tgz",
          "integrity": "sha512-Q0hzcVlmxWxm7UKQHSeEuGNdPJn52AEGcq7vXvK+L53gNtxilo7CHy8FtxIcrdDTg2f79JW37ona4YnpbhJVcQ==",
          "requires": {
            "arrayiffy-if-string": "*",
            "ast-monkey-traverse": "^1.4.0",
            "lodash.intersection": "*",
            "lodash.pullall": "*",
            "matcher": "^1.1.1",
            "object-path": "^0.11.4",
            "ordinal": "^1.0.2",
            "type-detect": "^4.0.8"
          }
        }
      }
    },
    "ranges-sort": {
      "version": "3.3.2",
      "resolved": "https://registry.npmjs.org/ranges-sort/-/ranges-sort-3.3.2.tgz",
      "integrity": "sha512-vSpMFer8Gxdtyo0Nzf6YPWnseYof1J8TtficusRPXMcB/vxqtEBppC1iEiQzAjh7zDi3BG2Ii82PaVYPouQFEw==",
      "requires": {
        "check-types-mini": "^5.1.1",
        "is-natural-number": "^4.0.1",
        "ordinal-number-suffix": "^0.1.2"
      },
      "dependencies": {
        "check-types-mini": {
          "version": "5.1.1",
          "resolved": "https://registry.npmjs.org/check-types-mini/-/check-types-mini-5.1.1.tgz",
          "integrity": "sha512-Q0hzcVlmxWxm7UKQHSeEuGNdPJn52AEGcq7vXvK+L53gNtxilo7CHy8FtxIcrdDTg2f79JW37ona4YnpbhJVcQ==",
          "requires": {
            "arrayiffy-if-string": "*",
            "ast-monkey-traverse": "^1.4.0",
            "lodash.intersection": "*",
            "lodash.pullall": "*",
            "matcher": "^1.1.1",
            "object-path": "^0.11.4",
            "ordinal": "^1.0.2",
            "type-detect": "^4.0.8"
          }
        }
      }
    },
    "string-collapse-leading-whitespace": {
      "version": "1.4.0",
      "resolved": "https://registry.npmjs.org/string-collapse-leading-whitespace/-/string-collapse-leading-whitespace-1.4.0.tgz",
      "integrity": "sha512-+HWKQhBo556OaZ2RCyKRaUJHdQR4h0WSbs1j3qOW8iBcIGGu2G26Uts1LI+R8+IBCtCoVv2PxQxNmil5sZ74xA=="
    },
    "string-strip-html": {
      "version": "3.2.0",
      "resolved": "https://registry.npmjs.org/string-strip-html/-/string-strip-html-3.2.0.tgz",
      "integrity": "sha512-okHUZaoScgJjwzCt0T7UGzqq2RP/9DOMQMyxR90JlO03H/K+Dn3wokUd+9QQLBFOvCbQ3q27LC9757LOYEXuyg==",
      "requires": {
        "check-types-mini": "^4.0.0",
        "ent": "^2.2.0",
        "lodash.isplainobject": "^4.0.6",
        "lodash.trim": "^4.5.1",
        "lodash.without": "^4.4.0",
        "ranges-apply": "^2.3.2",
        "ranges-push": "^2.10.0"
      }
    },
    "type-detect": {
      "version": "4.0.8",
      "resolved": "https://registry.npmjs.org/type-detect/-/type-detect-4.0.8.tgz",
      "integrity": "sha512-0fr/mIH1dlO+x7TlcMy+bIDqKPsw/70tVyeHW787goQjhmqaZe10uwLujubK9q9Lg6Fiho1KUKDYz0Z7k7g5/g=="
    }
  }
}
